
Microsoft Visual Studio Solution File, Format Version 12.00
# Visual Studio Version 17
VisualStudioVersion = 17.3.32922.545
MinimumVisualStudioVersion = 10.0.40219.1
Project("{9A19103F-16F7-4668-BE54-9A1E7A4F7556}") = "Planer", "Planer\Planer.csproj", "{40A8484B-3B64-4CDB-B5DF-DB563325EFA3}"
EndProject
Project("{FAE04EC0-301F-11D3-BF4B-00C04F79EFBC}") = "PlanerModel", "PlanerModel\PlanerModel.csproj", "{58E9E2D9-BBD3-432A-9EB0-64B269BBFFD2}"
EndProject
Global
	GlobalSection(SolutionConfigurationPlatforms) = preSolution
		Debug|Any CPU = Debug|Any CPU
		Release|Any CPU = Release|Any CPU
	EndGlobalSection
	GlobalSection(ProjectConfigurationPlatforms) = postSolution
		{40A8484B-3B64-4CDB-B5DF-DB563325EFA3}.Debug|Any CPU.ActiveCfg = Debug|Any CPU
		{40A8484B-3B64-4CDB-B5DF-DB563325EFA3}.Debug|Any CPU.Build.0 = Debug|Any CPU
		{40A8484B-3B64-4CDB-B5DF-DB563325EFA3}.Release|Any CPU.ActiveCfg = Release|Any CPU
		{40A8484B-3B64-4CDB-B5DF-DB563325EFA3}.Release|Any CPU.Build.0 = Release|Any CPU
		{58E9E2D9-BBD3-432A-9EB0-64B269BBFFD2}.Debug|Any CPU.ActiveCfg = Debug|Any CPU
		{58E9E2D9-BBD3-432A-9EB0-64B269BBFFD2}.Debug|Any CPU.Build.0 = Debug|Any CPU
		{58E9E2D9-BBD3-432A-9EB0-64B269BBFFD2}.Release|Any CPU.ActiveCfg = Release|Any CPU
		{58E9E2D9-BBD3-432A-9EB0-64B269BBFFD2}.Release|Any CPU.Build.0 = Release|Any CPU
	EndGlobalSection
	GlobalSection(SolutionProperties) = preSolution
		HideSolutionNode = FALSE
	EndGlobalSection
	GlobalSection(ExtensibilityGlobals) = postSolution
		SolutionGuid = {DEBBE226-B5D2-409C-9420-EDD43A7B39CD}
	EndGlobalSection
EndGlobal
